// !$*UTF8*$!
{
	archiveVersion = 1;
	classes = {
	};
	objectVersion = 50;
	objects = {

/* Begin PBXBuildFile section */
		4EEB5169254BB5D50076BE4F /* AppDelegate.swift in Sources */ = {isa = PBXBuildFile; fileRef = 4EEB5168254BB5D50076BE4F /* AppDelegate.swift */; };
		4EEB516B254BB5D50076BE4F /* SceneDelegate.swift in Sources */ = {isa = PBXBuildFile; fileRef = 4EEB516A254BB5D50076BE4F /* SceneDelegate.swift */; };
		4EEB5170254BB5D50076BE4F /* Main.storyboard in Resources */ = {isa = PBXBuildFile; fileRef = 4EEB516E254BB5D50076BE4F /* Main.storyboard */; };
		4EEB5172254BB5D50076BE4F /* Assets.xcassets in Resources */ = {isa = PBXBuildFile; fileRef = 4EEB5171254BB5D50076BE4F /* Assets.xcassets */; };
		4EEB5175254BB5D50076BE4F /* LaunchScreen.storyboard in Resources */ = {isa = PBXBuildFile; fileRef = 4EEB5173254BB5D50076BE4F /* LaunchScreen.storyboard */; };
		4EEB517D254BB63F0076BE4F /* FruitViewControllerTableViewController.swift in Sources */ = {isa = PBXBuildFile; fileRef = 4EEB517C254BB63F0076BE4F /* FruitViewControllerTableViewController.swift */; };
		4EEB517F254BBD6C0076BE4F /* FruitTableViewCell.swift in Sources */ = {isa = PBXBuildFile; fileRef = 4EEB517E254BBD6C0076BE4F /* FruitTableViewCell.swift */; };
/* End PBXBuildFile section */

/* Begin PBXFileReference section */
		4EEB5165254BB5D50076BE4F /* Fruit app.app */ = {isa = PBXFileReference; explicitFileType = wrapper.application; includeInIndex = 0; path = "Fruit app.app"; sourceTree = BUILT_PRODUCTS_DIR; };
		4EEB5168254BB5D50076BE4F /* AppDelegate.swift */ = {isa = PBXFileReference; lastKnownFileType = sourcecode.swift; path = AppDelegate.swift; sourceTree = "<group>"; };
		4EEB516A254BB5D50076BE4F /* SceneDelegate.swift */ = {isa = PBXFileReference; lastKnownFileType = sourcecode.swift; path = SceneDelegate.swift; sourceTree = "<group>"; };
		4EEB516F254BB5D50076BE4F /* Base */ = {isa = PBXFileReference; lastKnownFileType = file.storyboard; name = Base; path = Base.lproj/Main.storyboard; sourceTree = "<group>"; };
		4EEB5171254BB5D50076BE4F /* Assets.xcassets */ = {isa = PBXFileReference; lastKnownFileType = folder.assetcatalog; path = Assets.xcassets; sourceTree = "<group>"; };
		4EEB5174254BB5D50076BE4F /* Base */ = {isa = PBXFileReference; lastKnownFileType = file.storyboard; name = Base; path = Base.lproj/LaunchScreen.storyboard; sourceTree = "<group>"; };
		4EEB5176254BB5D50076BE4F /* Info.plist */ = {isa = PBXFileReference; lastKnownFileType = text.plist.xml; path = Info.plist; sourceTree = "<group>"; };
		4EEB517C254BB63F0076BE4F /* FruitViewControllerTableViewController.swift */ = {isa = PBXFileReference; lastKnownFileType = sourcecode.swift; path = FruitViewControllerTableViewController.swift; sourceTree = "<group>"; };
		4EEB517E254BBD6C0076BE4F /* FruitTableViewCell.swift */ = {isa = PBXFileReference; lastKnownFileType = sourcecode.swift; path = FruitTableViewCell.swift; sourceTree = "<group>"; };
/* End PBXFileReference section */

/* Begin PBXFrameworksBuildPhase section */
		4EEB5162254BB5D50076BE4F /* Frameworks */ = {
			isa = PBXFrameworksBuildPhase;
			buildActionMask = 2147483647;
			files = (
			);
			runOnlyForDeploymentPostprocessing = 0;
		};
/* End PBXFrameworksBuildPhase section */

/* Begin PBXGroup section */
		4EEB515C254BB5D50076BE4F = {
			isa = PBXGroup;
			children = (
				4EEB5167254BB5D50076BE4F /* Fruit app */,
				4EEB5166254BB5D50076BE4F /* Products */,
			);
			sourceTree = "<group>";
		};
		4EEB5166254BB5D50076BE4F /* Products */ = {
			isa = PBXGroup;
			children = (
				4EEB5165254BB5D50076BE4F /* Fruit app.app */,
			);
			name = Products;
			sourceTree = "<group>";
		};
		4EEB5167254BB5D50076BE4F /* Fruit app */ = {
			isa = PBXGroup;
			children = (
				4EEB5168254BB5D50076BE4F /* AppDelegate.swift */,
				4EEB516A254BB5D50076BE4F /* SceneDelegate.swift */,
				4EEB516E254BB5D50076BE4F /* Main.storyboard */,
				4EEB5171254BB5D50076BE4F /* Assets.xcassets */,
				4EEB5173254BB5D50076BE4F /* LaunchScreen.storyboard */,
				4EEB5176254BB5D50076BE4F /* Info.plist */,
				4EEB517C254BB63F0076BE4F /* FruitViewControllerTableViewController.swift */,
				4EEB517E254BBD6C0076BE4F /* FruitTableViewCell.swift */,
			);
			path = "Fruit app";
			sourceTree = "<group>";
		};
/* End PBXGroup section */

/* Begin PBXNativeTarget section */
		4EEB5164254BB5D50076BE4F /* Fruit app */ = {
			isa = PBXNativeTarget;
			buildConfigurationList = 4EEB5179254BB5D50076BE4F /* Build configuration list for PBXNativeTarget "Fruit app" */;
			buildPhases = (
				4EEB5161254BB5D50076BE4F /* Sources */,
				4EEB5162254BB5D50076BE4F /* Frameworks */,
				4EEB5163254BB5D50076BE4F /* Resources */,
			);
			buildRules = (
			);
			dependencies = (
			);
			name = "Fruit app";
			productName = "Fruit app";
			productReference = 4EEB5165254BB5D50076BE4F /* Fruit app.app */;
			productType = "com.apple.product-type.application";
		};
/* End PBXNativeTarget section */

/* Begin PBXProject section */
		4EEB515D254BB5D50076BE4F /* Project object */ = {
			isa = PBXProject;
			attributes = {
				LastSwiftUpdateCheck = 1130;
				LastUpgradeCheck = 1130;
				ORGANIZATIONNAME = NDHU_CSIE;
				TargetAttributes = {
					4EEB5164254BB5D50076BE4F = {
						CreatedOnToolsVersion = 11.3.1;
					};
				};
			};
			buildConfigurationList = 4EEB5160254BB5D50076BE4F /* Build configuration list for PBXProject "Fruit app" */;
			compatibilityVersion = "Xcode 9.3";
			developmentRegion = en;
			hasScannedForEncodings = 0;
			knownRegions = (
				en,
				Base,
			);
			mainGroup = 4EEB515C254BB5D50076BE4F;
			productRefGroup = 4EEB5166254BB5D50076BE4F /* Products */;
			projectDirPath = "";
			projectRoot = "";
			targets = (
				4EEB5164254BB5D50076BE4F /* Fruit app */,
			);
		};
/* End PBXProject section */

/* Begin PBXResourcesBuildPhase section */
		4EEB5163254BB5D50076BE4F /* Resources */ = {
			isa = PBXResourcesBuildPhase;
			buildActionMask = 2147483647;
			files = (
				4EEB5175254BB5D50076BE4F /* LaunchScreen.storyboard in Resources */,
				4EEB5172254BB5D50076BE4F /* Assets.xcassets in Resources */,
				4EEB5170254BB5D50076BE4F /* Main.storyboard in Resources */,
			);
			runOnlyForDeploymentPostprocessing = 0;
		};
/* End PBXResourcesBuildPhase section */

/* Begin PBXSourcesBuildPhase section */
		4EEB5161254BB5D50076BE4F /* Sources */ = {
			isa = PBXSourcesBuildPhase;
			buildActionMask = 2147483647;
			files = (
				4EEB517F254BBD6C0076BE4F /* FruitTableViewCell.swift in Sources */,
				4EEB5169254BB5D50076BE4F /* AppDelegate.swift in Sources */,
				4EEB516B254BB5D50076BE4F /* SceneDelegate.swift in Sources */,
				4EEB517D254BB63F0076BE4F /* FruitViewControllerTableViewController.swift in Sources */,
			);
			runOnlyForDeploymentPostprocessing = 0;
		};
/* End PBXSourcesBuildPhase section */

/* Begin PBXVariantGroup section */
		4EEB516E254BB5D50076BE4F /* Main.storyboard */ = {
			isa = PBXVariantGroup;
			children = (
				4EEB516F254BB5D50076BE4F /* Base */,
			);
			name = Main.storyboard;
			sourceTree = "<group>";
		};
		4EEB5173254BB5D50076BE4F /* LaunchScreen.storyboard */ = {
			isa = PBXVariantGroup;
			children = (
				4EEB5174254BB5D50076BE4F /* Base */,
			);
			name = LaunchScreen.storyboard;
			sourceTree = "<group>";
		};
/* End PBXVariantGroup section */

/* Begin XCBuildConfiguration section */
		4EEB5177254BB5D50076BE4F /* Debug */ = {
			isa = XCBuildConfiguration;
			buildSettings = {
				ALWAYS_SEARCH_USER_PATHS = NO;
				CLANG_ANALYZER_NONNULL = YES;
				CLANG_ANALYZER_NUMBER_OBJECT_CONVERSION = YES_AGGRESSIVE;
				CLANG_CXX_LANGUAGE_STANDARD = "gnu++14";
				CLANG_CXX_LIBRARY = "libc++";
				CLANG_ENABLE_MODULES = YES;
				CLANG_ENABLE_OBJC_ARC = YES;
				CLANG_ENABLE_OBJC_WEAK = YES;
				CLANG_WARN_BLOCK_CAPTURE_AUTORELEASING = YES;
				CLANG_WARN_BOOL_CONVERSION = YES;
				CLANG_WARN_COMMA = YES;
				CLANG_WARN_CONSTANT_CONVERSION = YES;
				CLANG_WARN_DEPRECATED_OBJC_IMPLEMENTATIONS = YES;
				CLANG_WARN_DIRECT_OBJC_ISA_USAGE = YES_ERROR;
				CLANG_WARN_DOCUMENTATION_COMMENTS = YES;
				CLANG_WARN_EMPTY_BODY = YES;
				CLANG_WARN_ENUM_CONVERSION = YES;
				CLANG_WARN_INFINITE_RECURSION = YES;
				CLANG_WARN_INT_CONVERSION = YES;
				CLANG_WARN_NON_LITERAL_NULL_CONVERSION = YES;
				CLANG_WARN_OBJC_IMPLICIT_RETAIN_SELF = YES;
				CLANG_WARN_OBJC_LITERAL_CONVERSION = YES;
				CLANG_WARN_OBJC_ROOT_CLASS = YES_ERROR;
				CLANG_WARN_RANGE_LOOP_ANALYSIS = YES;
				CLANG_WARN_STRICT_PROTOTYPES = YES;
				CLANG_WARN_SUSPICIOUS_MOVE = YES;
				CLANG_WARN_UNGUARDED_AVAILABILITY = YES_AGGRESSIVE;
				CLANG_WARN_UNREACHABLE_CODE = YES;
				CLANG_WARN__DUPLICATE_METHOD_MATCH = YES;
				COPY_PHASE_STRIP = NO;
				DEBUG_INFORMATION_FORMAT = dwarf;
				ENABLE_STRICT_OBJC_MSGSEND = YES;
				ENABLE_TESTABILITY = YES;
				GCC_C_LANGUAGE_STANDARD = gnu11;
				GCC_DYNAMIC_NO_PIC = NO;
				GCC_NO_COMMON_BLOCKS = YES;
				GCC_OPTIMIZATION_LEVEL = 0;
				GCC_PREPROCESSOR_DEFINITIONS = (
					"DEBUG=1",
					"$(inherited)",
				);
				GCC_WARN_64_TO_32_BIT_CONVERSION = YES;
				GCC_WARN_ABOUT_RETURN_TYPE = YES_ERROR;
				GCC_WARN_UNDECLARED_SELECTOR = YES;
				GCC_WARN_UNINITIALIZED_AUTOS = YES_AGGRESSIVE;
				GCC_WARN_UNUSED_FUNCTION = YES;
				GCC_WARN_UNUSED_VARIABLE = YES;
				IPHONEOS_DEPLOYMENT_TARGET = 13.2;
				MTL_ENABLE_DEBUG_INFO = INCLUDE_SOURCE;
				MTL_FAST_MATH = YES;
				ONLY_ACTIVE_ARCH = YES;
				SDKROOT = iphoneos;
				SWIFT_ACTIVE_COMPILATION_CONDITIONS = DEBUG;
				SWIFT_OPTIMIZATION_LEVEL = "-Onone";
			};
			name = Debug;
		};
		4EEB5178254BB5D50076BE4F /* Release */ = {
			isa = XCBuildConfiguration;
			buildSettings = {
				ALWAYS_SEARCH_USER_PATHS = NO;
				CLANG_ANALYZER_NONNULL = YES;
				CLANG_ANALYZER_NUMBER_OBJECT_CONVERSION = YES_AGGRESSIVE;
				CLANG_CXX_LANGUAGE_STANDARD = "gnu++14";
				CLANG_CXX_LIBRARY = "libc++";
				CLANG_ENABLE_MODULES = YES;
				CLANG_ENABLE_OBJC_ARC = YES;
				CLANG_ENABLE_OBJC_WEAK = YES;
				CLANG_WARN_BLOCK_CAPTURE_AUTORELEASING = YES;
				CLANG_WARN_BOOL_CONVERSION = YES;
				CLANG_WARN_COMMA = YES;
				CLANG_WARN_CONSTANT_CONVERSION = YES;
				CLANG_WARN_DEPRECATED_OBJC_IMPLEMENTATIONS = YES;
				CLANG_WARN_DIRECT_OBJC_ISA_USAGE = YES_ERROR;
				CLANG_WARN_DOCUMENTATION_COMMENTS = YES;
				CLANG_WARN_EMPTY_BODY = YES;
				CLANG_WARN_ENUM_CONVERSION = YES;
				CLANG_WARN_INFINITE_RECURSION = YES;
				CLANG_WARN_INT_CONVERSION = YES;
				CLANG_WARN_NON_LITERAL_NULL_CONVERSION = YES;
				CLANG_WARN_OBJC_IMPLICIT_RETAIN_SELF = YES;
				CLANG_WARN_OBJC_LITERAL_CONVERSION = YES;
				CLANG_WARN_OBJC_ROOT_CLASS = YES_ERROR;
				CLANG_WARN_RANGE_LOOP_ANALYSIS = YES;
				CLANG_WARN_STRICT_PROTOTYPES = YES;
				CLANG_WARN_SUSPICIOUS_MOVE = YES;
				CLANG_WARN_UNGUARDED_AVAILABILITY = YES_AGGRESSIVE;
				CLANG_WARN_UNREACHABLE_CODE = YES;
				CLANG_WARN__DUPLICATE_METHOD_MATCH = YES;
				COPY_PHASE_STRIP = NO;
				DEBUG_INFORMATION_FORMAT = "dwarf-with-dsym";
				ENABLE_NS_ASSERTIONS = NO;
				ENABLE_STRICT_OBJC_MSGSEND = YES;
				GCC_C_LANGUAGE_STANDARD = gnu11;
				GCC_NO_COMMON_BLOCKS = YES;
				GCC_WARN_64_TO_32_BIT_CONVERSION = YES;
				GCC_WARN_ABOUT_RETURN_TYPE = YES_ERROR;
				GCC_WARN_UNDECLARED_SELECTOR = YES;
				GCC_WARN_UNINITIALIZED_AUTOS = YES_AGGRESSIVE;
				GCC_WARN_UNUSED_FUNCTION = YES;
				GCC_WARN_UNUSED_VARIABLE = YES;
				IPHONEOS_DEPLOYMENT_TARGET = 13.2;
				MTL_ENABLE_DEBUG_INFO = NO;
				MTL_FAST_MATH = YES;
				SDKROOT = iphoneos;
				SWIFT_COMPILATION_MODE = wholemodule;
				SWIFT_OPTIMIZATION_LEVEL = "-O";
				VALIDATE_PRODUCT = YES;
			};
			name = Release;
		};
		4EEB517A254BB5D50076BE4F /* Debug */ = {
			isa = XCBuildConfiguration;
			buildSettings = {
				ASSETCATALOG_COMPILER_APPICON_NAME = AppIcon;
				CODE_SIGN_STYLE = Automatic;
				INFOPLIST_FILE = "Fruit app/Info.plist";
				LD_RUNPATH_SEARCH_PATHS = (
					"$(inherited)",
					"@executable_path/Frameworks",
				);
				PRODUCT_BUNDLE_IDENTIFIER = "ndhu.com.Fruit-app";
				PRODUCT_NAME = "$(TARGET_NAME)";
				SWIFT_VERSION = 5.0;
				TARGETED_DEVICE_FAMILY = "1,2";
			};
			name = Debug;
		};
		4EEB517B254BB5D50076BE4F /* Release */ = {
			isa = XCBuildConfiguration;
			buildSettings = {
				ASSETCATALOG_COMPILER_APPICON_NAME = AppIcon;
				CODE_SIGN_STYLE = Automatic;
				INFOPLIST_FILE = "Fruit app/Info.plist";
				LD_RUNPATH_SEARCH_PATHS = (
					"$(inherited)",
					"@executable_path/Frameworks",
				);
				PRODUCT_BUNDLE_IDENTIFIER = "ndhu.com.Fruit-app";
				PRODUCT_NAME = "$(TARGET_NAME)";
				SWIFT_VERSION = 5.0;
				TARGETED_DEVICE_FAMILY = "1,2";
			};
			name = Release;
		};
/* End XCBuildConfiguration section */

/* Begin XCConfigurationList section */
		4EEB5160254BB5D50076BE4F /* Build configuration list for PBXProject "Fruit app" */ = {
			isa = XCConfigurationList;
			buildConfigurations = (
				4EEB5177254BB5D50076BE4F /* Debug */,
				4EEB5178254BB5D50076BE4F /* Release */,
			);
			defaultConfigurationIsVisible = 0;
			defaultConfigurationName = Release;
		};
		4EEB5179254BB5D50076BE4F /* Build configuration list for PBXNativeTarget "Fruit app" */ = {
			isa = XCConfigurationList;
			buildConfigurations = (
				4EEB517A254BB5D50076BE4F /* Debug */,
				4EEB517B254BB5D50076BE4F /* Release */,
			);
			defaultConfigurationIsVisible = 0;
			defaultConfigurationName = Release;
		};
/* End XCConfigurationList section */
	};
	rootObject = 4EEB515D254BB5D50076BE4F /* Project object */;
}
